
Microsoft Visual Studio Solution File, Format Version 12.00
# Visual Studio 2012
Project("{2150E333-8FDC-42A3-9474-1A3956D46DE8}") = "Solution Items", "Solution Items", "{C0A8BDDE-A89F-4341-8912-A7C05E5CC25F}"
EndProject
Project("{2150E333-8FDC-42A3-9474-1A3956D46DE8}") = "Build Package", "Build Package", "{0F945291-F264-44AF-9C6A-B1BB0B9E785E}"
	ProjectSection(SolutionItems) = preProject
		Build\package.build.cmd = Build\package.build.cmd
		Build\package.build.xml = Build\package.build.xml
		Build\package.xml = Build\package.xml
		Build\readme.txt = Build\readme.txt
	EndProjectSection
EndProject
Project("{2150E333-8FDC-42A3-9474-1A3956D46DE8}") = "Umbraco Assemblies", "Umbraco Assemblies", "{04F1C33F-EF3D-4F85-90B6-D258F06752D7}"
EndProject
Project("{FAE04EC0-301F-11D3-BF4B-00C04F79EFBC}") = "Census", "Census\Census.csproj", "{78563840-B21A-416E-9661-3BD69ECCD5E5}"
EndProject
Project("{2150E333-8FDC-42A3-9474-1A3956D46DE8}") = ".nuget", ".nuget", "{93A0778F-8EA7-40C0-924F-6B55F5F3DC8C}"
	ProjectSection(SolutionItems) = preProject
		.nuget\NuGet.Config = .nuget\NuGet.Config
		.nuget\NuGet.exe = .nuget\NuGet.exe
		.nuget\NuGet.targets = .nuget\NuGet.targets
	EndProjectSection
EndProject
Project("{FAE04EC0-301F-11D3-BF4B-00C04F79EFBC}") = "Census.Core", "Census.Core\Census.Core.csproj", "{8A9085C2-4672-4721-BF0D-A8FF0E085B58}"
EndProject
Global
	GlobalSection(SolutionConfigurationPlatforms) = preSolution
		Debug|Any CPU = Debug|Any CPU
		Release|Any CPU = Release|Any CPU
	EndGlobalSection
	GlobalSection(ProjectConfigurationPlatforms) = postSolution
		{78563840-B21A-416E-9661-3BD69ECCD5E5}.Debug|Any CPU.ActiveCfg = Debug|Any CPU
		{78563840-B21A-416E-9661-3BD69ECCD5E5}.Debug|Any CPU.Build.0 = Debug|Any CPU
		{78563840-B21A-416E-9661-3BD69ECCD5E5}.Release|Any CPU.ActiveCfg = Release|Any CPU
		{78563840-B21A-416E-9661-3BD69ECCD5E5}.Release|Any CPU.Build.0 = Release|Any CPU
		{8A9085C2-4672-4721-BF0D-A8FF0E085B58}.Debug|Any CPU.ActiveCfg = Debug|Any CPU
		{8A9085C2-4672-4721-BF0D-A8FF0E085B58}.Debug|Any CPU.Build.0 = Debug|Any CPU
		{8A9085C2-4672-4721-BF0D-A8FF0E085B58}.Release|Any CPU.ActiveCfg = Release|Any CPU
		{8A9085C2-4672-4721-BF0D-A8FF0E085B58}.Release|Any CPU.Build.0 = Release|Any CPU
	EndGlobalSection
	GlobalSection(SolutionProperties) = preSolution
		HideSolutionNode = FALSE
	EndGlobalSection
	GlobalSection(NestedProjects) = preSolution
		{0F945291-F264-44AF-9C6A-B1BB0B9E785E} = {C0A8BDDE-A89F-4341-8912-A7C05E5CC25F}
		{04F1C33F-EF3D-4F85-90B6-D258F06752D7} = {C0A8BDDE-A89F-4341-8912-A7C05E5CC25F}
	EndGlobalSection
EndGlobal
